
Microsoft Visual Studio Solution File, Format Version 12.00
# Visual Studio Version 16
VisualStudioVersion = 16.0.30225.117
MinimumVisualStudioVersion = 10.0.40219.1
Project("{FAE04EC0-301F-11D3-BF4B-00C04F79EFBC}") = "ClassBox", "ClassBox\ClassBox.csproj", "{265D9881-2020-49A5-AF5E-5B012E25C3FC}"
EndProject
Global
	GlobalSection(SolutionConfigurationPlatforms) = preSolution
		Debug|Any CPU = Debug|Any CPU
		Release|Any CPU = Release|Any CPU
	EndGlobalSection
	GlobalSection(ProjectConfigurationPlatforms) = postSolution
		{265D9881-2020-49A5-AF5E-5B012E25C3FC}.Debug|Any CPU.ActiveCfg = Debug|Any CPU
		{265D9881-2020-49A5-AF5E-5B012E25C3FC}.Debug|Any CPU.Build.0 = Debug|Any CPU
		{265D9881-2020-49A5-AF5E-5B012E25C3FC}.Release|Any CPU.ActiveCfg = Release|Any CPU
		{265D9881-2020-49A5-AF5E-5B012E25C3FC}.Release|Any CPU.Build.0 = Release|Any CPU
	EndGlobalSection
	GlobalSection(SolutionProperties) = preSolution
		HideSolutionNode = FALSE
	EndGlobalSection
	GlobalSection(ExtensibilityGlobals) = postSolution
		SolutionGuid = {E3F8A301-5D2A-4EC8-B518-5F9C72C806D1}
	EndGlobalSection
EndGlobal
